
Microsoft Visual Studio Solution File, Format Version 12.00
# Visual Studio Version 17
VisualStudioVersion = 17.13.35931.197 d17.13
MinimumVisualStudioVersion = 10.0.40219.1
Project("{FAE04EC0-301F-11D3-BF4B-00C04F79EFBC}") = "GeneCare", "GeneCare.csproj", "{4F3CB43B-AF2E-43E5-862F-F6BEEB939059}"
EndProject
Global
	GlobalSection(SolutionConfigurationPlatforms) = preSolution
		Debug|Any CPU = Debug|Any CPU
		Release|Any CPU = Release|Any CPU
	EndGlobalSection
	GlobalSection(ProjectConfigurationPlatforms) = postSolution
		{4F3CB43B-AF2E-43E5-862F-F6BEEB939059}.Debug|Any CPU.ActiveCfg = Debug|Any CPU
		{4F3CB43B-AF2E-43E5-862F-F6BEEB939059}.Debug|Any CPU.Build.0 = Debug|Any CPU
		{4F3CB43B-AF2E-43E5-862F-F6BEEB939059}.Release|Any CPU.ActiveCfg = Release|Any CPU
		{4F3CB43B-AF2E-43E5-862F-F6BEEB939059}.Release|Any CPU.Build.0 = Release|Any CPU
	EndGlobalSection
	GlobalSection(SolutionProperties) = preSolution
		HideSolutionNode = FALSE
	EndGlobalSection
	GlobalSection(ExtensibilityGlobals) = postSolution
		SolutionGuid = {831C4AF2-1A41-460C-84C6-49A61C4EAFE5}
	EndGlobalSection
EndGlobal
